
Microsoft Visual Studio Solution File, Format Version 12.00
# Visual Studio 15
VisualStudioVersion = 15.0.26730.8
MinimumVisualStudioVersion = 10.0.40219.1
Project("{FAE04EC0-301F-11D3-BF4B-00C04F79EFBC}") = "WebAPI", "WebAPI\WebAPI.csproj", "{B79AF161-DF7A-4AB9-B858-16724F9CA1FB}"
EndProject
Project("{2150E333-8FDC-42A3-9474-1A3956D46DE8}") = "App.WebAPI", "App.WebAPI", "{22FF9AD5-868D-42F4-977A-58C484299560}"
EndProject
Project("{2150E333-8FDC-42A3-9474-1A3956D46DE8}") = "WebPage", "WebPage", "{5B5619D7-C8C8-4D9F-A8B5-28FAFA1C3833}"
EndProject
Project("{FAE04EC0-301F-11D3-BF4B-00C04F79EFBC}") = "WebSite", "WebSite\WebSite.csproj", "{D1644063-4F68-415F-B0CD-E2FDC1A1D4F9}"
EndProject
Global
	GlobalSection(SolutionConfigurationPlatforms) = preSolution
		Debug|Any CPU = Debug|Any CPU
		Release|Any CPU = Release|Any CPU
	EndGlobalSection
	GlobalSection(ProjectConfigurationPlatforms) = postSolution
		{B79AF161-DF7A-4AB9-B858-16724F9CA1FB}.Debug|Any CPU.ActiveCfg = Debug|Any CPU
		{B79AF161-DF7A-4AB9-B858-16724F9CA1FB}.Debug|Any CPU.Build.0 = Debug|Any CPU
		{B79AF161-DF7A-4AB9-B858-16724F9CA1FB}.Release|Any CPU.ActiveCfg = Release|Any CPU
		{B79AF161-DF7A-4AB9-B858-16724F9CA1FB}.Release|Any CPU.Build.0 = Release|Any CPU
		{D1644063-4F68-415F-B0CD-E2FDC1A1D4F9}.Debug|Any CPU.ActiveCfg = Debug|Any CPU
		{D1644063-4F68-415F-B0CD-E2FDC1A1D4F9}.Debug|Any CPU.Build.0 = Debug|Any CPU
		{D1644063-4F68-415F-B0CD-E2FDC1A1D4F9}.Release|Any CPU.ActiveCfg = Release|Any CPU
		{D1644063-4F68-415F-B0CD-E2FDC1A1D4F9}.Release|Any CPU.Build.0 = Release|Any CPU
	EndGlobalSection
	GlobalSection(SolutionProperties) = preSolution
		HideSolutionNode = FALSE
	EndGlobalSection
	GlobalSection(NestedProjects) = preSolution
		{B79AF161-DF7A-4AB9-B858-16724F9CA1FB} = {22FF9AD5-868D-42F4-977A-58C484299560}
		{D1644063-4F68-415F-B0CD-E2FDC1A1D4F9} = {5B5619D7-C8C8-4D9F-A8B5-28FAFA1C3833}
	EndGlobalSection
	GlobalSection(ExtensibilityGlobals) = postSolution
		SolutionGuid = {BEDBEE28-455C-4BF9-84CA-C9A93319B232}
	EndGlobalSection
EndGlobal
